// !$*UTF8*$!
{
	archiveVersion = 1;
	classes = {
	};
	objectVersion = 46;
	objects = {

/* Begin PBXBuildFile section */
		D0251A1416E3BFDB00800246 /* ArvosCameraController.m in Sources */ = {isa = PBXBuildFile; fileRef = D0251A1316E3BFDB00800246 /* ArvosCameraController.m */; };
		D0251A1616E3C24800800246 /* AVFoundation.framework in Frameworks */ = {isa = PBXBuildFile; fileRef = D0251A1516E3C24800800246 /* AVFoundation.framework */; };
		D0251A1916E3C51E00800246 /* EAGLView.m in Sources */ = {isa = PBXBuildFile; fileRef = D0251A1816E3C51E00800246 /* EAGLView.m */; };
		D0251A1C16E3C54C00800246 /* ES2Renderer.m in Sources */ = {isa = PBXBuildFile; fileRef = D0251A1B16E3C54C00800246 /* ES2Renderer.m */; };
		D0251A1F16E3C56A00800246 /* OpenGLRenderer.m in Sources */ = {isa = PBXBuildFile; fileRef = D0251A1E16E3C56A00800246 /* OpenGLRenderer.m */; };
		D0251A2B16E3C59F00800246 /* sourceUtil.c in Sources */ = {isa = PBXBuildFile; fileRef = D0251A2016E3C59E00800246 /* sourceUtil.c */; };
		D0251A2C16E3C59F00800246 /* vectorUtil.c in Sources */ = {isa = PBXBuildFile; fileRef = D0251A2216E3C59E00800246 /* vectorUtil.c */; };
		D0251A2D16E3C59F00800246 /* modelUtil.c in Sources */ = {isa = PBXBuildFile; fileRef = D0251A2416E3C59E00800246 /* modelUtil.c */; };
		D0251A2E16E3C59F00800246 /* matrixUtil.c in Sources */ = {isa = PBXBuildFile; fileRef = D0251A2616E3C59E00800246 /* matrixUtil.c */; };
		D0251A2F16E3C59F00800246 /* imageUtil.m in Sources */ = {isa = PBXBuildFile; fileRef = D0251A2816E3C59E00800246 /* imageUtil.m */; };
		D0251A3116E3C5D400800246 /* OpenGLES.framework in Frameworks */ = {isa = PBXBuildFile; fileRef = D0251A3016E3C5D400800246 /* OpenGLES.framework */; };
		D0251A3316E3C61400800246 /* QuartzCore.framework in Frameworks */ = {isa = PBXBuildFile; fileRef = D0251A3216E3C61400800246 /* QuartzCore.framework */; };
		D0251A3716E3CE1A00800246 /* demon.png in Resources */ = {isa = PBXBuildFile; fileRef = D0251A3516E3CE1A00800246 /* demon.png */; };
		D0251A3816E3CE1A00800246 /* demon.model in Resources */ = {isa = PBXBuildFile; fileRef = D0251A3616E3CE1A00800246 /* demon.model */; };
		D0251A3D16E3CE5600800246 /* reflect.vsh in Sources */ = {isa = PBXBuildFile; fileRef = D0251A3916E3CE5600800246 /* reflect.vsh */; };
		D0251A3E16E3CE5600800246 /* reflect.fsh in Sources */ = {isa = PBXBuildFile; fileRef = D0251A3A16E3CE5600800246 /* reflect.fsh */; };
		D0251A3F16E3CE5600800246 /* character.vsh in Sources */ = {isa = PBXBuildFile; fileRef = D0251A3B16E3CE5600800246 /* character.vsh */; };
		D0251A4016E3CE5600800246 /* character.fsh in Sources */ = {isa = PBXBuildFile; fileRef = D0251A3C16E3CE5600800246 /* character.fsh */; };
		D0251A4116E3CE8300800246 /* reflect.vsh in Resources */ = {isa = PBXBuildFile; fileRef = D0251A3916E3CE5600800246 /* reflect.vsh */; };
		D0251A4216E3CE8300800246 /* reflect.fsh in Resources */ = {isa = PBXBuildFile; fileRef = D0251A3A16E3CE5600800246 /* reflect.fsh */; };
		D0251A4316E3CE8300800246 /* character.vsh in Resources */ = {isa = PBXBuildFile; fileRef = D0251A3B16E3CE5600800246 /* character.vsh */; };
		D0251A4416E3CE8300800246 /* character.fsh in Resources */ = {isa = PBXBuildFile; fileRef = D0251A3C16E3CE5600800246 /* character.fsh */; };
		D0424C6416E40E8A005A7815 /* ArvosAugment.m in Sources */ = {isa = PBXBuildFile; fileRef = D0424C6316E40E8A005A7815 /* ArvosAugment.m */; };
		D051C7AD16E91D6F0006B8AF /* CoreLocation.framework in Frameworks */ = {isa = PBXBuildFile; fileRef = D051C7AC16E91D6F0006B8AF /* CoreLocation.framework */; };
		D051C7B016E932B10006B8AF /* Arvos.m in Sources */ = {isa = PBXBuildFile; fileRef = D051C7AF16E932B10006B8AF /* Arvos.m */; };
		D0F50B0116E362BB00B0E66A /* UIKit.framework in Frameworks */ = {isa = PBXBuildFile; fileRef = D0F50B0016E362BB00B0E66A /* UIKit.framework */; };
		D0F50B0316E362BB00B0E66A /* Foundation.framework in Frameworks */ = {isa = PBXBuildFile; fileRef = D0F50B0216E362BB00B0E66A /* Foundation.framework */; };
		D0F50B0516E362BB00B0E66A /* CoreGraphics.framework in Frameworks */ = {isa = PBXBuildFile; fileRef = D0F50B0416E362BB00B0E66A /* CoreGraphics.framework */; };
		D0F50B0B16E362BB00B0E66A /* InfoPlist.strings in Resources */ = {isa = PBXBuildFile; fileRef = D0F50B0916E362BB00B0E66A /* InfoPlist.strings */; };
		D0F50B0D16E362BB00B0E66A /* main.m in Sources */ = {isa = PBXBuildFile; fileRef = D0F50B0C16E362BB00B0E66A /* main.m */; };
		D0F50B1116E362BB00B0E66A /* ArvosAppDelegate.m in Sources */ = {isa = PBXBuildFile; fileRef = D0F50B1016E362BB00B0E66A /* ArvosAppDelegate.m */; };
		D0F50B1316E362BB00B0E66A /* Default.png in Resources */ = {isa = PBXBuildFile; fileRef = D0F50B1216E362BB00B0E66A /* Default.png */; };
		D0F50B1516E362BB00B0E66A /* Default@2x.png in Resources */ = {isa = PBXBuildFile; fileRef = D0F50B1416E362BB00B0E66A /* Default@2x.png */; };
		D0F50B1716E362BB00B0E66A /* Default-568h@2x.png in Resources */ = {isa = PBXBuildFile; fileRef = D0F50B1616E362BB00B0E66A /* Default-568h@2x.png */; };
		D0F50B2316E366A200B0E66A /* ArvosRootViewController.m in Sources */ = {isa = PBXBuildFile; fileRef = D0F50B2216E366A200B0E66A /* ArvosRootViewController.m */; };
		D0F50B2616E3760F00B0E66A /* ArvosViewerViewController.m in Sources */ = {isa = PBXBuildFile; fileRef = D0F50B2516E3760F00B0E66A /* ArvosViewerViewController.m */; };
		D0F50B2816E37D2C00B0E66A /* arvos_logo_rgb.png in Resources */ = {isa = PBXBuildFile; fileRef = D0F50B2716E37D2C00B0E66A /* arvos_logo_rgb.png */; };
/* End PBXBuildFile section */

/* Begin PBXFileReference section */
		D0251A1216E3BFDB00800246 /* ArvosCameraController.h */ = {isa = PBXFileReference; fileEncoding = 4; lastKnownFileType = sourcecode.c.h; path = ArvosCameraController.h; sourceTree = "<group>"; };
		D0251A1316E3BFDB00800246 /* ArvosCameraController.m */ = {isa = PBXFileReference; fileEncoding = 4; lastKnownFileType = sourcecode.c.objc; path = ArvosCameraController.m; sourceTree = "<group>"; };
		D0251A1516E3C24800800246 /* AVFoundation.framework */ = {isa = PBXFileReference; lastKnownFileType = wrapper.framework; name = AVFoundation.framework; path = System/Library/Frameworks/AVFoundation.framework; sourceTree = SDKROOT; };
		D0251A1716E3C51E00800246 /* EAGLView.h */ = {isa = PBXFileReference; fileEncoding = 4; lastKnownFileType = sourcecode.c.h; path = EAGLView.h; sourceTree = "<group>"; };
		D0251A1816E3C51E00800246 /* EAGLView.m */ = {isa = PBXFileReference; fileEncoding = 4; lastKnownFileType = sourcecode.c.objc; path = EAGLView.m; sourceTree = "<group>"; };
		D0251A1A16E3C54C00800246 /* ES2Renderer.h */ = {isa = PBXFileReference; fileEncoding = 4; lastKnownFileType = sourcecode.c.h; path = ES2Renderer.h; sourceTree = "<group>"; };
		D0251A1B16E3C54C00800246 /* ES2Renderer.m */ = {isa = PBXFileReference; fileEncoding = 4; lastKnownFileType = sourcecode.c.objc; path = ES2Renderer.m; sourceTree = "<group>"; };
		D0251A1D16E3C56A00800246 /* OpenGLRenderer.h */ = {isa = PBXFileReference; fileEncoding = 4; lastKnownFileType = sourcecode.c.h; path = OpenGLRenderer.h; sourceTree = "<group>"; };
		D0251A1E16E3C56A00800246 /* OpenGLRenderer.m */ = {isa = PBXFileReference; fileEncoding = 4; lastKnownFileType = sourcecode.c.objc; path = OpenGLRenderer.m; sourceTree = "<group>"; };
		D0251A2016E3C59E00800246 /* sourceUtil.c */ = {isa = PBXFileReference; fileEncoding = 4; lastKnownFileType = sourcecode.c.c; path = sourceUtil.c; sourceTree = "<group>"; };
		D0251A2116E3C59E00800246 /* sourceUtil.h */ = {isa = PBXFileReference; fileEncoding = 4; lastKnownFileType = sourcecode.c.h; path = sourceUtil.h; sourceTree = "<group>"; };
		D0251A2216E3C59E00800246 /* vectorUtil.c */ = {isa = PBXFileReference; fileEncoding = 4; lastKnownFileType = sourcecode.c.c; path = vectorUtil.c; sourceTree = "<group>"; };
		D0251A2316E3C59E00800246 /* vectorUtil.h */ = {isa = PBXFileReference; fileEncoding = 4; lastKnownFileType = sourcecode.c.h; path = vectorUtil.h; sourceTree = "<group>"; };
		D0251A2416E3C59E00800246 /* modelUtil.c */ = {isa = PBXFileReference; fileEncoding = 4; lastKnownFileType = sourcecode.c.c; path = modelUtil.c; sourceTree = "<group>"; };
		D0251A2516E3C59E00800246 /* modelUtil.h */ = {isa = PBXFileReference; fileEncoding = 4; lastKnownFileType = sourcecode.c.h; path = modelUtil.h; sourceTree = "<group>"; };
		D0251A2616E3C59E00800246 /* matrixUtil.c */ = {isa = PBXFileReference; fileEncoding = 4; lastKnownFileType = sourcecode.c.c; path = matrixUtil.c; sourceTree = "<group>"; };
		D0251A2716E3C59E00800246 /* matrixUtil.h */ = {isa = PBXFileReference; fileEncoding = 4; lastKnownFileType = sourcecode.c.h; path = matrixUtil.h; sourceTree = "<group>"; };
		D0251A2816E3C59E00800246 /* imageUtil.m */ = {isa = PBXFileReference; fileEncoding = 4; lastKnownFileType = sourcecode.c.objc; path = imageUtil.m; sourceTree = "<group>"; };
		D0251A2916E3C59E00800246 /* imageUtil.h */ = {isa = PBXFileReference; fileEncoding = 4; lastKnownFileType = sourcecode.c.h; path = imageUtil.h; sourceTree = "<group>"; };
		D0251A2A16E3C59E00800246 /* glUtil.h */ = {isa = PBXFileReference; fileEncoding = 4; lastKnownFileType = sourcecode.c.h; path = glUtil.h; sourceTree = "<group>"; };
		D0251A3016E3C5D400800246 /* OpenGLES.framework */ = {isa = PBXFileReference; lastKnownFileType = wrapper.framework; name = OpenGLES.framework; path = System/Library/Frameworks/OpenGLES.framework; sourceTree = SDKROOT; };
		D0251A3216E3C61400800246 /* QuartzCore.framework */ = {isa = PBXFileReference; lastKnownFileType = wrapper.framework; name = QuartzCore.framework; path = System/Library/Frameworks/QuartzCore.framework; sourceTree = SDKROOT; };
		D0251A3516E3CE1A00800246 /* demon.png */ = {isa = PBXFileReference; lastKnownFileType = image.png; path = demon.png; sourceTree = "<group>"; };
		D0251A3616E3CE1A00800246 /* demon.model */ = {isa = PBXFileReference; lastKnownFileType = file; path = demon.model; sourceTree = "<group>"; };
		D0251A3916E3CE5600800246 /* reflect.vsh */ = {isa = PBXFileReference; fileEncoding = 4; lastKnownFileType = sourcecode.glsl; path = reflect.vsh; sourceTree = "<group>"; };
		D0251A3A16E3CE5600800246 /* reflect.fsh */ = {isa = PBXFileReference; fileEncoding = 4; lastKnownFileType = sourcecode.glsl; path = reflect.fsh; sourceTree = "<group>"; };
		D0251A3B16E3CE5600800246 /* character.vsh */ = {isa = PBXFileReference; fileEncoding = 4; lastKnownFileType = sourcecode.glsl; path = character.vsh; sourceTree = "<group>"; };
		D0251A3C16E3CE5600800246 /* character.fsh */ = {isa = PBXFileReference; fileEncoding = 4; lastKnownFileType = sourcecode.glsl; path = character.fsh; sourceTree = "<group>"; };
		D0424C6216E40E8A005A7815 /* ArvosAugment.h */ = {isa = PBXFileReference; fileEncoding = 4; lastKnownFileType = sourcecode.c.h; name = ArvosAugment.h; path = Viewer/ArvosAugment.h; sourceTree = "<group>"; };
		D0424C6316E40E8A005A7815 /* ArvosAugment.m */ = {isa = PBXFileReference; fileEncoding = 4; lastKnownFileType = sourcecode.c.objc; name = ArvosAugment.m; path = Viewer/ArvosAugment.m; sourceTree = "<group>"; };
		D051C7AC16E91D6F0006B8AF /* CoreLocation.framework */ = {isa = PBXFileReference; lastKnownFileType = wrapper.framework; name = CoreLocation.framework; path = System/Library/Frameworks/CoreLocation.framework; sourceTree = SDKROOT; };
		D051C7AE16E932B10006B8AF /* Arvos.h */ = {isa = PBXFileReference; fileEncoding = 4; lastKnownFileType = sourcecode.c.h; path = Arvos.h; sourceTree = "<group>"; };
		D051C7AF16E932B10006B8AF /* Arvos.m */ = {isa = PBXFileReference; fileEncoding = 4; lastKnownFileType = sourcecode.c.objc; path = Arvos.m; sourceTree = "<group>"; };
		D0F50AFD16E362BB00B0E66A /* ArViewer_iOS.app */ = {isa = PBXFileReference; explicitFileType = wrapper.application; includeInIndex = 0; path = ArViewer_iOS.app; sourceTree = BUILT_PRODUCTS_DIR; };
		D0F50B0016E362BB00B0E66A /* UIKit.framework */ = {isa = PBXFileReference; lastKnownFileType = wrapper.framework; name = UIKit.framework; path = System/Library/Frameworks/UIKit.framework; sourceTree = SDKROOT; };
		D0F50B0216E362BB00B0E66A /* Foundation.framework */ = {isa = PBXFileReference; lastKnownFileType = wrapper.framework; name = Foundation.framework; path = System/Library/Frameworks/Foundation.framework; sourceTree = SDKROOT; };
		D0F50B0416E362BB00B0E66A /* CoreGraphics.framework */ = {isa = PBXFileReference; lastKnownFileType = wrapper.framework; name = CoreGraphics.framework; path = System/Library/Frameworks/CoreGraphics.framework; sourceTree = SDKROOT; };
		D0F50B0816E362BB00B0E66A /* ArViewer_iOS-Info.plist */ = {isa = PBXFileReference; lastKnownFileType = text.plist.xml; path = "ArViewer_iOS-Info.plist"; sourceTree = "<group>"; };
		D0F50B0A16E362BB00B0E66A /* en */ = {isa = PBXFileReference; lastKnownFileType = text.plist.strings; name = en; path = en.lproj/InfoPlist.strings; sourceTree = "<group>"; };
		D0F50B0C16E362BB00B0E66A /* main.m */ = {isa = PBXFileReference; lastKnownFileType = sourcecode.c.objc; path = main.m; sourceTree = "<group>"; };
		D0F50B0E16E362BB00B0E66A /* ArViewer_iOS-Prefix.pch */ = {isa = PBXFileReference; lastKnownFileType = sourcecode.c.h; path = "ArViewer_iOS-Prefix.pch"; sourceTree = "<group>"; };
		D0F50B0F16E362BB00B0E66A /* ArvosAppDelegate.h */ = {isa = PBXFileReference; lastKnownFileType = sourcecode.c.h; path = ArvosAppDelegate.h; sourceTree = "<group>"; };
		D0F50B1016E362BB00B0E66A /* ArvosAppDelegate.m */ = {isa = PBXFileReference; lastKnownFileType = sourcecode.c.objc; path = ArvosAppDelegate.m; sourceTree = "<group>"; };
		D0F50B1216E362BB00B0E66A /* Default.png */ = {isa = PBXFileReference; lastKnownFileType = image.png; path = Default.png; sourceTree = "<group>"; };
		D0F50B1416E362BB00B0E66A /* Default@2x.png */ = {isa = PBXFileReference; lastKnownFileType = image.png; path = "Default@2x.png"; sourceTree = "<group>"; };
		D0F50B1616E362BB00B0E66A /* Default-568h@2x.png */ = {isa = PBXFileReference; lastKnownFileType = image.png; path = "Default-568h@2x.png"; sourceTree = "<group>"; };
		D0F50B2116E366A200B0E66A /* ArvosRootViewController.h */ = {isa = PBXFileReference; fileEncoding = 4; lastKnownFileType = sourcecode.c.h; path = ArvosRootViewController.h; sourceTree = "<group>"; };
		D0F50B2216E366A200B0E66A /* ArvosRootViewController.m */ = {isa = PBXFileReference; fileEncoding = 4; lastKnownFileType = sourcecode.c.objc; path = ArvosRootViewController.m; sourceTree = "<group>"; };
		D0F50B2416E3760F00B0E66A /* ArvosViewerViewController.h */ = {isa = PBXFileReference; fileEncoding = 4; lastKnownFileType = sourcecode.c.h; path = ArvosViewerViewController.h; sourceTree = "<group>"; };
		D0F50B2516E3760F00B0E66A /* ArvosViewerViewController.m */ = {isa = PBXFileReference; fileEncoding = 4; lastKnownFileType = sourcecode.c.objc; path = ArvosViewerViewController.m; sourceTree = "<group>"; };
		D0F50B2716E37D2C00B0E66A /* arvos_logo_rgb.png */ = {isa = PBXFileReference; lastKnownFileType = image.png; path = arvos_logo_rgb.png; sourceTree = "<group>"; };
/* End PBXFileReference section */

/* Begin PBXFrameworksBuildPhase section */
		D0F50AFA16E362BB00B0E66A /* Frameworks */ = {
			isa = PBXFrameworksBuildPhase;
			buildActionMask = 2147483647;
			files = (
				D051C7AD16E91D6F0006B8AF /* CoreLocation.framework in Frameworks */,
				D0251A3316E3C61400800246 /* QuartzCore.framework in Frameworks */,
				D0251A3116E3C5D400800246 /* OpenGLES.framework in Frameworks */,
				D0251A1616E3C24800800246 /* AVFoundation.framework in Frameworks */,
				D0F50B0116E362BB00B0E66A /* UIKit.framework in Frameworks */,
				D0F50B0316E362BB00B0E66A /* Foundation.framework in Frameworks */,
				D0F50B0516E362BB00B0E66A /* CoreGraphics.framework in Frameworks */,
			);
			runOnlyForDeploymentPostprocessing = 0;
		};
/* End PBXFrameworksBuildPhase section */

/* Begin PBXGroup section */
		D0251A3416E3CDA700800246 /* Resources */ = {
			isa = PBXGroup;
			children = (
				D0251A3916E3CE5600800246 /* reflect.vsh */,
				D0251A3A16E3CE5600800246 /* reflect.fsh */,
				D0251A3B16E3CE5600800246 /* character.vsh */,
				D0251A3C16E3CE5600800246 /* character.fsh */,
				D0251A3516E3CE1A00800246 /* demon.png */,
				D0251A3616E3CE1A00800246 /* demon.model */,
			);
			path = Resources;
			sourceTree = "<group>";
		};
		D0424C5E16E40D25005A7815 /* Viewer */ = {
			isa = PBXGroup;
			children = (
				D0424C6216E40E8A005A7815 /* ArvosAugment.h */,
				D0424C6316E40E8A005A7815 /* ArvosAugment.m */,
			);
			name = Viewer;
			sourceTree = "<group>";
		};
		D0F50AF416E362BB00B0E66A = {
			isa = PBXGroup;
			children = (
				D0F50B0616E362BB00B0E66A /* ArViewer_iOS */,
				D0F50AFF16E362BB00B0E66A /* Frameworks */,
				D0F50AFE16E362BB00B0E66A /* Products */,
			);
			sourceTree = "<group>";
		};
		D0F50AFE16E362BB00B0E66A /* Products */ = {
			isa = PBXGroup;
			children = (
				D0F50AFD16E362BB00B0E66A /* ArViewer_iOS.app */,
			);
			name = Products;
			sourceTree = "<group>";
		};
		D0F50AFF16E362BB00B0E66A /* Frameworks */ = {
			isa = PBXGroup;
			children = (
				D051C7AC16E91D6F0006B8AF /* CoreLocation.framework */,
				D0251A3216E3C61400800246 /* QuartzCore.framework */,
				D0251A3016E3C5D400800246 /* OpenGLES.framework */,
				D0251A1516E3C24800800246 /* AVFoundation.framework */,
				D0F50B0016E362BB00B0E66A /* UIKit.framework */,
				D0F50B0216E362BB00B0E66A /* Foundation.framework */,
				D0F50B0416E362BB00B0E66A /* CoreGraphics.framework */,
			);
			name = Frameworks;
			sourceTree = "<group>";
		};
		D0F50B0616E362BB00B0E66A /* ArViewer_iOS */ = {
			isa = PBXGroup;
			children = (
				D0424C5E16E40D25005A7815 /* Viewer */,
				D0251A3416E3CDA700800246 /* Resources */,
				D0F50B0F16E362BB00B0E66A /* ArvosAppDelegate.h */,
				D0F50B1016E362BB00B0E66A /* ArvosAppDelegate.m */,
				D0F50B0716E362BB00B0E66A /* Supporting Files */,
				D0F50B2116E366A200B0E66A /* ArvosRootViewController.h */,
				D0F50B2216E366A200B0E66A /* ArvosRootViewController.m */,
				D0F50B2416E3760F00B0E66A /* ArvosViewerViewController.h */,
				D0F50B2516E3760F00B0E66A /* ArvosViewerViewController.m */,
				D0251A1216E3BFDB00800246 /* ArvosCameraController.h */,
				D0251A1316E3BFDB00800246 /* ArvosCameraController.m */,
				D0251A1A16E3C54C00800246 /* ES2Renderer.h */,
				D0251A1B16E3C54C00800246 /* ES2Renderer.m */,
				D0251A1D16E3C56A00800246 /* OpenGLRenderer.h */,
				D0251A1E16E3C56A00800246 /* OpenGLRenderer.m */,
				D0251A1716E3C51E00800246 /* EAGLView.h */,
				D0251A1816E3C51E00800246 /* EAGLView.m */,
				D0251A2016E3C59E00800246 /* sourceUtil.c */,
				D0251A2116E3C59E00800246 /* sourceUtil.h */,
				D0251A2216E3C59E00800246 /* vectorUtil.c */,
				D0251A2316E3C59E00800246 /* vectorUtil.h */,
				D0251A2416E3C59E00800246 /* modelUtil.c */,
				D0251A2516E3C59E00800246 /* modelUtil.h */,
				D0251A2616E3C59E00800246 /* matrixUtil.c */,
				D0251A2716E3C59E00800246 /* matrixUtil.h */,
				D0251A2816E3C59E00800246 /* imageUtil.m */,
				D0251A2916E3C59E00800246 /* imageUtil.h */,
				D0251A2A16E3C59E00800246 /* glUtil.h */,
				D051C7AE16E932B10006B8AF /* Arvos.h */,
				D051C7AF16E932B10006B8AF /* Arvos.m */,
			);
			path = ArViewer_iOS;
			sourceTree = "<group>";
		};
		D0F50B0716E362BB00B0E66A /* Supporting Files */ = {
			isa = PBXGroup;
			children = (
				D0F50B2716E37D2C00B0E66A /* arvos_logo_rgb.png */,
				D0F50B0816E362BB00B0E66A /* ArViewer_iOS-Info.plist */,
				D0F50B0916E362BB00B0E66A /* InfoPlist.strings */,
				D0F50B0C16E362BB00B0E66A /* main.m */,
				D0F50B0E16E362BB00B0E66A /* ArViewer_iOS-Prefix.pch */,
				D0F50B1216E362BB00B0E66A /* Default.png */,
				D0F50B1416E362BB00B0E66A /* Default@2x.png */,
				D0F50B1616E362BB00B0E66A /* Default-568h@2x.png */,
			);
			name = "Supporting Files";
			sourceTree = "<group>";
		};
/* End PBXGroup section */

/* Begin PBXNativeTarget section */
		D0F50AFC16E362BB00B0E66A /* ArViewer_iOS */ = {
			isa = PBXNativeTarget;
			buildConfigurationList = D0F50B1A16E362BB00B0E66A /* Build configuration list for PBXNativeTarget "ArViewer_iOS" */;
			buildPhases = (
				D0F50AF916E362BB00B0E66A /* Sources */,
				D0F50AFA16E362BB00B0E66A /* Frameworks */,
				D0F50AFB16E362BB00B0E66A /* Resources */,
			);
			buildRules = (
			);
			dependencies = (
			);
			name = ArViewer_iOS;
			productName = ArViewer_iOS;
			productReference = D0F50AFD16E362BB00B0E66A /* ArViewer_iOS.app */;
			productType = "com.apple.product-type.application";
		};
/* End PBXNativeTarget section */

/* Begin PBXProject section */
		D0F50AF516E362BB00B0E66A /* Project object */ = {
			isa = PBXProject;
			attributes = {
				CLASSPREFIX = Arvos;
				LastUpgradeCheck = 0460;
				ORGANIZATIONNAME = "Peter Graf";
			};
			buildConfigurationList = D0F50AF816E362BB00B0E66A /* Build configuration list for PBXProject "ArViewer_iOS" */;
			compatibilityVersion = "Xcode 3.2";
			developmentRegion = English;
			hasScannedForEncodings = 0;
			knownRegions = (
				en,
			);
			mainGroup = D0F50AF416E362BB00B0E66A;
			productRefGroup = D0F50AFE16E362BB00B0E66A /* Products */;
			projectDirPath = "";
			projectRoot = "";
			targets = (
				D0F50AFC16E362BB00B0E66A /* ArViewer_iOS */,
			);
		};
/* End PBXProject section */

/* Begin PBXResourcesBuildPhase section */
		D0F50AFB16E362BB00B0E66A /* Resources */ = {
			isa = PBXResourcesBuildPhase;
			buildActionMask = 2147483647;
			files = (
				D0251A4116E3CE8300800246 /* reflect.vsh in Resources */,
				D0251A4216E3CE8300800246 /* reflect.fsh in Resources */,
				D0251A4316E3CE8300800246 /* character.vsh in Resources */,
				D0251A4416E3CE8300800246 /* character.fsh in Resources */,
				D0F50B0B16E362BB00B0E66A /* InfoPlist.strings in Resources */,
				D0F50B1316E362BB00B0E66A /* Default.png in Resources */,
				D0F50B1516E362BB00B0E66A /* Default@2x.png in Resources */,
				D0F50B1716E362BB00B0E66A /* Default-568h@2x.png in Resources */,
				D0F50B2816E37D2C00B0E66A /* arvos_logo_rgb.png in Resources */,
				D0251A3716E3CE1A00800246 /* demon.png in Resources */,
				D0251A3816E3CE1A00800246 /* demon.model in Resources */,
			);
			runOnlyForDeploymentPostprocessing = 0;
		};
/* End PBXResourcesBuildPhase section */

/* Begin PBXSourcesBuildPhase section */
		D0F50AF916E362BB00B0E66A /* Sources */ = {
			isa = PBXSourcesBuildPhase;
			buildActionMask = 2147483647;
			files = (
				D0F50B0D16E362BB00B0E66A /* main.m in Sources */,
				D0F50B1116E362BB00B0E66A /* ArvosAppDelegate.m in Sources */,
				D0F50B2316E366A200B0E66A /* ArvosRootViewController.m in Sources */,
				D0F50B2616E3760F00B0E66A /* ArvosViewerViewController.m in Sources */,
				D0251A1416E3BFDB00800246 /* ArvosCameraController.m in Sources */,
				D0251A1916E3C51E00800246 /* EAGLView.m in Sources */,
				D0251A1C16E3C54C00800246 /* ES2Renderer.m in Sources */,
				D0251A1F16E3C56A00800246 /* OpenGLRenderer.m in Sources */,
				D0251A2B16E3C59F00800246 /* sourceUtil.c in Sources */,
				D0251A2C16E3C59F00800246 /* vectorUtil.c in Sources */,
				D0251A2D16E3C59F00800246 /* modelUtil.c in Sources */,
				D0251A2E16E3C59F00800246 /* matrixUtil.c in Sources */,
				D0251A2F16E3C59F00800246 /* imageUtil.m in Sources */,
				D0251A3D16E3CE5600800246 /* reflect.vsh in Sources */,
				D0251A3E16E3CE5600800246 /* reflect.fsh in Sources */,
				D0251A3F16E3CE5600800246 /* character.vsh in Sources */,
				D0251A4016E3CE5600800246 /* character.fsh in Sources */,
				D0424C6416E40E8A005A7815 /* ArvosAugment.m in Sources */,
				D051C7B016E932B10006B8AF /* Arvos.m in Sources */,
			);
			runOnlyForDeploymentPostprocessing = 0;
		};
/* End PBXSourcesBuildPhase section */

/* Begin PBXVariantGroup section */
		D0F50B0916E362BB00B0E66A /* InfoPlist.strings */ = {
			isa = PBXVariantGroup;
			children = (
				D0F50B0A16E362BB00B0E66A /* en */,
			);
			name = InfoPlist.strings;
			sourceTree = "<group>";
		};
/* End PBXVariantGroup section */

/* Begin XCBuildConfiguration section */
		D0F50B1816E362BB00B0E66A /* Debug */ = {
			isa = XCBuildConfiguration;
			buildSettings = {
				ALWAYS_SEARCH_USER_PATHS = NO;
				CLANG_CXX_LANGUAGE_STANDARD = "gnu++0x";
				CLANG_CXX_LIBRARY = "libc++";
				CLANG_ENABLE_OBJC_ARC = YES;
				CLANG_WARN_CONSTANT_CONVERSION = YES;
				CLANG_WARN_EMPTY_BODY = YES;
				CLANG_WARN_ENUM_CONVERSION = YES;
				CLANG_WARN_INT_CONVERSION = YES;
				CLANG_WARN__DUPLICATE_METHOD_MATCH = YES;
				"CODE_SIGN_IDENTITY[sdk=iphoneos*]" = "iPhone Developer";
				COPY_PHASE_STRIP = NO;
				GCC_C_LANGUAGE_STANDARD = gnu99;
				GCC_DYNAMIC_NO_PIC = NO;
				GCC_OPTIMIZATION_LEVEL = 0;
				GCC_PREPROCESSOR_DEFINITIONS = (
					"DEBUG=1",
					"$(inherited)",
				);
				GCC_SYMBOLS_PRIVATE_EXTERN = NO;
				GCC_WARN_ABOUT_RETURN_TYPE = YES;
				GCC_WARN_UNINITIALIZED_AUTOS = YES;
				GCC_WARN_UNUSED_VARIABLE = YES;
				IPHONEOS_DEPLOYMENT_TARGET = 6.1;
				ONLY_ACTIVE_ARCH = YES;
				SDKROOT = iphoneos;
				TARGETED_DEVICE_FAMILY = "1,2";
			};
			name = Debug;
		};
		D0F50B1916E362BB00B0E66A /* Release */ = {
			isa = XCBuildConfiguration;
			buildSettings = {
				ALWAYS_SEARCH_USER_PATHS = NO;
				CLANG_CXX_LANGUAGE_STANDARD = "gnu++0x";
				CLANG_CXX_LIBRARY = "libc++";
				CLANG_ENABLE_OBJC_ARC = YES;
				CLANG_WARN_CONSTANT_CONVERSION = YES;
				CLANG_WARN_EMPTY_BODY = YES;
				CLANG_WARN_ENUM_CONVERSION = YES;
				CLANG_WARN_INT_CONVERSION = YES;
				CLANG_WARN__DUPLICATE_METHOD_MATCH = YES;
				"CODE_SIGN_IDENTITY[sdk=iphoneos*]" = "iPhone Developer";
				COPY_PHASE_STRIP = YES;
				GCC_C_LANGUAGE_STANDARD = gnu99;
				GCC_WARN_ABOUT_RETURN_TYPE = YES;
				GCC_WARN_UNINITIALIZED_AUTOS = YES;
				GCC_WARN_UNUSED_VARIABLE = YES;
				IPHONEOS_DEPLOYMENT_TARGET = 6.1;
				OTHER_CFLAGS = "-DNS_BLOCK_ASSERTIONS=1";
				SDKROOT = iphoneos;
				TARGETED_DEVICE_FAMILY = "1,2";
				VALIDATE_PRODUCT = YES;
			};
			name = Release;
		};
		D0F50B1B16E362BB00B0E66A /* Debug */ = {
			isa = XCBuildConfiguration;
			buildSettings = {
				CLANG_ENABLE_OBJC_ARC = YES;
				GCC_PRECOMPILE_PREFIX_HEADER = YES;
				GCC_PREFIX_HEADER = "ArViewer_iOS/ArViewer_iOS-Prefix.pch";
				INFOPLIST_FILE = "ArViewer_iOS/ArViewer_iOS-Info.plist";
				PRODUCT_NAME = "$(TARGET_NAME)";
				WRAPPER_EXTENSION = app;
			};
			name = Debug;
		};
		D0F50B1C16E362BB00B0E66A /* Release */ = {
			isa = XCBuildConfiguration;
			buildSettings = {
				CLANG_ENABLE_OBJC_ARC = YES;
				GCC_PRECOMPILE_PREFIX_HEADER = YES;
				GCC_PREFIX_HEADER = "ArViewer_iOS/ArViewer_iOS-Prefix.pch";
				INFOPLIST_FILE = "ArViewer_iOS/ArViewer_iOS-Info.plist";
				PRODUCT_NAME = "$(TARGET_NAME)";
				WRAPPER_EXTENSION = app;
			};
			name = Release;
		};
/* End XCBuildConfiguration section */

/* Begin XCConfigurationList section */
		D0F50AF816E362BB00B0E66A /* Build configuration list for PBXProject "ArViewer_iOS" */ = {
			isa = XCConfigurationList;
			buildConfigurations = (
				D0F50B1816E362BB00B0E66A /* Debug */,
				D0F50B1916E362BB00B0E66A /* Release */,
			);
			defaultConfigurationIsVisible = 0;
			defaultConfigurationName = Release;
		};
		D0F50B1A16E362BB00B0E66A /* Build configuration list for PBXNativeTarget "ArViewer_iOS" */ = {
			isa = XCConfigurationList;
			buildConfigurations = (
				D0F50B1B16E362BB00B0E66A /* Debug */,
				D0F50B1C16E362BB00B0E66A /* Release */,
			);
			defaultConfigurationIsVisible = 0;
			defaultConfigurationName = Release;
		};
/* End XCConfigurationList section */
	};
	rootObject = D0F50AF516E362BB00B0E66A /* Project object */;
}
