// !$*UTF8*$!
{
	archiveVersion = 1;
	classes = {
	};
	objectVersion = 46;
	objects = {

/* Begin PBXBuildFile section */
		6112F4FA16FCA90500BD4989 /* ArvosDebugView.m in Sources */ = {isa = PBXBuildFile; fileRef = 6112F4F916FCA90500BD4989 /* ArvosDebugView.m */; };
		6112F4FB16FCA90500BD4989 /* ArvosDebugView.m in Sources */ = {isa = PBXBuildFile; fileRef = 6112F4F916FCA90500BD4989 /* ArvosDebugView.m */; };
		6128F1C816FA6C3B005857BB /* NSDictionary+ArvosVecParsing.m in Sources */ = {isa = PBXBuildFile; fileRef = 6128F1C716FA6C3B005857BB /* NSDictionary+ArvosVecParsing.m */; };
		6128F1C916FA6C3B005857BB /* NSDictionary+ArvosVecParsing.m in Sources */ = {isa = PBXBuildFile; fileRef = 6128F1C716FA6C3B005857BB /* NSDictionary+ArvosVecParsing.m */; };
		6128F1CC16FA6ED0005857BB /* ArvosNSDictionary_VecParsing_Test.m in Sources */ = {isa = PBXBuildFile; fileRef = 6128F1CB16FA6ED0005857BB /* ArvosNSDictionary_VecParsing_Test.m */; };
		6128F1CD16FA6FD7005857BB /* OpenGLES.framework in Frameworks */ = {isa = PBXBuildFile; fileRef = D0251A3016E3C5D400800246 /* OpenGLES.framework */; };
		6128F1CE16FA72EC005857BB /* CoreGraphics.framework in Frameworks */ = {isa = PBXBuildFile; fileRef = D0F50B0416E362BB00B0E66A /* CoreGraphics.framework */; };
		6128F1CF16FA72FE005857BB /* QuartzCore.framework in Frameworks */ = {isa = PBXBuildFile; fileRef = D0251A3216E3C61400800246 /* QuartzCore.framework */; };
		6128F1D016FA732A005857BB /* ArvosPoi.m in Sources */ = {isa = PBXBuildFile; fileRef = D056188F16F37DD000C701F3 /* ArvosPoi.m */; };
		6128F1D116FA7339005857BB /* ArvosPoiObject.m in Sources */ = {isa = PBXBuildFile; fileRef = D056189216F3802300C701F3 /* ArvosPoiObject.m */; };
		6128F1D216FA737B005857BB /* ArvosObject.m in Sources */ = {isa = PBXBuildFile; fileRef = D04E7FA816F605F8000ECF75 /* ArvosObject.m */; };
		6128F1D316FA7383005857BB /* ArvosSquare.m in Sources */ = {isa = PBXBuildFile; fileRef = D04567C416F90E26006F75ED /* ArvosSquare.m */; };
		61BA040816FF062600B8C5ED /* ArvosViewerViewController-iPhone.xib in Resources */ = {isa = PBXBuildFile; fileRef = 61BA040716FF062600B8C5ED /* ArvosViewerViewController-iPhone.xib */; };
		61BA040916FF062600B8C5ED /* ArvosViewerViewController-iPhone.xib in Resources */ = {isa = PBXBuildFile; fileRef = 61BA040716FF062600B8C5ED /* ArvosViewerViewController-iPhone.xib */; };
		61BF6F6316FA2CA00009A538 /* ArvosRadarView.m in Sources */ = {isa = PBXBuildFile; fileRef = 61BF6F6216FA2CA00009A538 /* ArvosRadarView.m */; };
		61BF6F6416FA2CA00009A538 /* ArvosRadarView.m in Sources */ = {isa = PBXBuildFile; fileRef = 61BF6F6216FA2CA00009A538 /* ArvosRadarView.m */; };
		61CB8C0D16E9E98B002002A9 /* SenTestingKit.framework in Frameworks */ = {isa = PBXBuildFile; fileRef = 61CB8C0C16E9E98B002002A9 /* SenTestingKit.framework */; };
		61CB8C0E16E9E98B002002A9 /* UIKit.framework in Frameworks */ = {isa = PBXBuildFile; fileRef = D0F50B0016E362BB00B0E66A /* UIKit.framework */; };
		61CB8C0F16E9E98B002002A9 /* Foundation.framework in Frameworks */ = {isa = PBXBuildFile; fileRef = D0F50B0216E362BB00B0E66A /* Foundation.framework */; };
		61CB8C1516E9E98B002002A9 /* InfoPlist.strings in Resources */ = {isa = PBXBuildFile; fileRef = 61CB8C1316E9E98B002002A9 /* InfoPlist.strings */; };
		61CB8C1D16E9EA31002002A9 /* ArvosAugment.m in Sources */ = {isa = PBXBuildFile; fileRef = D0424C6316E40E8A005A7815 /* ArvosAugment.m */; };
		61CB8C2016E9EA4A002002A9 /* ArvosAugment_Test.m in Sources */ = {isa = PBXBuildFile; fileRef = 61CB8C1F16E9EA4A002002A9 /* ArvosAugment_Test.m */; };
		61CB8C2216E9F905002002A9 /* ArvosRootViewController-iPhone.xib in Resources */ = {isa = PBXBuildFile; fileRef = 61CB8C2116E9F905002002A9 /* ArvosRootViewController-iPhone.xib */; };
		61CB8C2316E9F905002002A9 /* ArvosRootViewController-iPhone.xib in Resources */ = {isa = PBXBuildFile; fileRef = 61CB8C2116E9F905002002A9 /* ArvosRootViewController-iPhone.xib */; };
		D002042116FF876A007FEF2C /* ArvosRay.m in Sources */ = {isa = PBXBuildFile; fileRef = D002042016FF876A007FEF2C /* ArvosRay.m */; };
		D002042416FF9F90007FEF2C /* ArvosTriangle.m in Sources */ = {isa = PBXBuildFile; fileRef = D002042316FF9F90007FEF2C /* ArvosTriangle.m */; };
		D0251A1416E3BFDB00800246 /* ArvosCameraController.m in Sources */ = {isa = PBXBuildFile; fileRef = D0251A1316E3BFDB00800246 /* ArvosCameraController.m */; };
		D0251A1616E3C24800800246 /* AVFoundation.framework in Frameworks */ = {isa = PBXBuildFile; fileRef = D0251A1516E3C24800800246 /* AVFoundation.framework */; };
		D0251A2C16E3C59F00800246 /* vectorUtil.c in Sources */ = {isa = PBXBuildFile; fileRef = D0251A2216E3C59E00800246 /* vectorUtil.c */; };
		D0251A2E16E3C59F00800246 /* matrixUtil.c in Sources */ = {isa = PBXBuildFile; fileRef = D0251A2616E3C59E00800246 /* matrixUtil.c */; };
		D0251A2F16E3C59F00800246 /* imageUtil.m in Sources */ = {isa = PBXBuildFile; fileRef = D0251A2816E3C59E00800246 /* imageUtil.m */; };
		D0251A3116E3C5D400800246 /* OpenGLES.framework in Frameworks */ = {isa = PBXBuildFile; fileRef = D0251A3016E3C5D400800246 /* OpenGLES.framework */; };
		D0251A3316E3C61400800246 /* QuartzCore.framework in Frameworks */ = {isa = PBXBuildFile; fileRef = D0251A3216E3C61400800246 /* QuartzCore.framework */; };
		D0251A3D16E3CE5600800246 /* reflect.vsh in Sources */ = {isa = PBXBuildFile; fileRef = D0251A3916E3CE5600800246 /* reflect.vsh */; };
		D0251A3E16E3CE5600800246 /* reflect.fsh in Sources */ = {isa = PBXBuildFile; fileRef = D0251A3A16E3CE5600800246 /* reflect.fsh */; };
		D0251A3F16E3CE5600800246 /* character.vsh in Sources */ = {isa = PBXBuildFile; fileRef = D0251A3B16E3CE5600800246 /* character.vsh */; };
		D0251A4016E3CE5600800246 /* character.fsh in Sources */ = {isa = PBXBuildFile; fileRef = D0251A3C16E3CE5600800246 /* character.fsh */; };
		D0251A4116E3CE8300800246 /* reflect.vsh in Resources */ = {isa = PBXBuildFile; fileRef = D0251A3916E3CE5600800246 /* reflect.vsh */; };
		D0251A4216E3CE8300800246 /* reflect.fsh in Resources */ = {isa = PBXBuildFile; fileRef = D0251A3A16E3CE5600800246 /* reflect.fsh */; };
		D0251A4316E3CE8300800246 /* character.vsh in Resources */ = {isa = PBXBuildFile; fileRef = D0251A3B16E3CE5600800246 /* character.vsh */; };
		D0251A4416E3CE8300800246 /* character.fsh in Resources */ = {isa = PBXBuildFile; fileRef = D0251A3C16E3CE5600800246 /* character.fsh */; };
		D040EB5E16F4DFA5000DE34A /* ArvosGlView.m in Sources */ = {isa = PBXBuildFile; fileRef = D040EB5D16F4DFA5000DE34A /* ArvosGlView.m */; };
		D0424C6416E40E8A005A7815 /* ArvosAugment.m in Sources */ = {isa = PBXBuildFile; fileRef = D0424C6316E40E8A005A7815 /* ArvosAugment.m */; };
		D04567C516F90E26006F75ED /* ArvosSquare.m in Sources */ = {isa = PBXBuildFile; fileRef = D04567C416F90E26006F75ED /* ArvosSquare.m */; };
		D04E7FA916F605F9000ECF75 /* ArvosObject.m in Sources */ = {isa = PBXBuildFile; fileRef = D04E7FA816F605F8000ECF75 /* ArvosObject.m */; };
		D051C7AD16E91D6F0006B8AF /* CoreLocation.framework in Frameworks */ = {isa = PBXBuildFile; fileRef = D051C7AC16E91D6F0006B8AF /* CoreLocation.framework */; };
		D051C7B016E932B10006B8AF /* Arvos.m in Sources */ = {isa = PBXBuildFile; fileRef = D051C7AF16E932B10006B8AF /* Arvos.m */; };
		D056189016F37DD000C701F3 /* ArvosPoi.m in Sources */ = {isa = PBXBuildFile; fileRef = D056188F16F37DD000C701F3 /* ArvosPoi.m */; };
		D056189316F3802300C701F3 /* ArvosPoiObject.m in Sources */ = {isa = PBXBuildFile; fileRef = D056189216F3802300C701F3 /* ArvosPoiObject.m */; };
		D0F50B0116E362BB00B0E66A /* UIKit.framework in Frameworks */ = {isa = PBXBuildFile; fileRef = D0F50B0016E362BB00B0E66A /* UIKit.framework */; };
		D0F50B0316E362BB00B0E66A /* Foundation.framework in Frameworks */ = {isa = PBXBuildFile; fileRef = D0F50B0216E362BB00B0E66A /* Foundation.framework */; };
		D0F50B0516E362BB00B0E66A /* CoreGraphics.framework in Frameworks */ = {isa = PBXBuildFile; fileRef = D0F50B0416E362BB00B0E66A /* CoreGraphics.framework */; };
		D0F50B0B16E362BB00B0E66A /* InfoPlist.strings in Resources */ = {isa = PBXBuildFile; fileRef = D0F50B0916E362BB00B0E66A /* InfoPlist.strings */; };
		D0F50B0D16E362BB00B0E66A /* main.m in Sources */ = {isa = PBXBuildFile; fileRef = D0F50B0C16E362BB00B0E66A /* main.m */; };
		D0F50B1116E362BB00B0E66A /* ArvosAppDelegate.m in Sources */ = {isa = PBXBuildFile; fileRef = D0F50B1016E362BB00B0E66A /* ArvosAppDelegate.m */; };
		D0F50B1316E362BB00B0E66A /* Default.png in Resources */ = {isa = PBXBuildFile; fileRef = D0F50B1216E362BB00B0E66A /* Default.png */; };
		D0F50B1516E362BB00B0E66A /* Default@2x.png in Resources */ = {isa = PBXBuildFile; fileRef = D0F50B1416E362BB00B0E66A /* Default@2x.png */; };
		D0F50B1716E362BB00B0E66A /* Default-568h@2x.png in Resources */ = {isa = PBXBuildFile; fileRef = D0F50B1616E362BB00B0E66A /* Default-568h@2x.png */; };
		D0F50B2316E366A200B0E66A /* ArvosRootViewController.m in Sources */ = {isa = PBXBuildFile; fileRef = D0F50B2216E366A200B0E66A /* ArvosRootViewController.m */; };
		D0F50B2616E3760F00B0E66A /* ArvosViewerViewController.m in Sources */ = {isa = PBXBuildFile; fileRef = D0F50B2516E3760F00B0E66A /* ArvosViewerViewController.m */; };
		D0F50B2816E37D2C00B0E66A /* arvos_logo_rgb.png in Resources */ = {isa = PBXBuildFile; fileRef = D0F50B2716E37D2C00B0E66A /* arvos_logo_rgb.png */; };
/* End PBXBuildFile section */

/* Begin PBXFileReference section */
		6112F4F816FCA90500BD4989 /* ArvosDebugView.h */ = {isa = PBXFileReference; fileEncoding = 4; lastKnownFileType = sourcecode.c.h; path = ArvosDebugView.h; sourceTree = "<group>"; };
		6112F4F916FCA90500BD4989 /* ArvosDebugView.m */ = {isa = PBXFileReference; fileEncoding = 4; lastKnownFileType = sourcecode.c.objc; path = ArvosDebugView.m; sourceTree = "<group>"; };
		6128F1C616FA6C3B005857BB /* NSDictionary+ArvosVecParsing.h */ = {isa = PBXFileReference; fileEncoding = 4; lastKnownFileType = sourcecode.c.h; path = "NSDictionary+ArvosVecParsing.h"; sourceTree = "<group>"; };
		6128F1C716FA6C3B005857BB /* NSDictionary+ArvosVecParsing.m */ = {isa = PBXFileReference; fileEncoding = 4; lastKnownFileType = sourcecode.c.objc; path = "NSDictionary+ArvosVecParsing.m"; sourceTree = "<group>"; };
		6128F1CB16FA6ED0005857BB /* ArvosNSDictionary_VecParsing_Test.m */ = {isa = PBXFileReference; fileEncoding = 4; lastKnownFileType = sourcecode.c.objc; path = ArvosNSDictionary_VecParsing_Test.m; sourceTree = "<group>"; };
		61BA040716FF062600B8C5ED /* ArvosViewerViewController-iPhone.xib */ = {isa = PBXFileReference; fileEncoding = 4; lastKnownFileType = file.xib; path = "ArvosViewerViewController-iPhone.xib"; sourceTree = "<group>"; };
		61BF6F6116FA2CA00009A538 /* ArvosRadarView.h */ = {isa = PBXFileReference; fileEncoding = 4; lastKnownFileType = sourcecode.c.h; path = ArvosRadarView.h; sourceTree = "<group>"; };
		61BF6F6216FA2CA00009A538 /* ArvosRadarView.m */ = {isa = PBXFileReference; fileEncoding = 4; lastKnownFileType = sourcecode.c.objc; path = ArvosRadarView.m; sourceTree = "<group>"; };
		61CB8C0B16E9E98B002002A9 /* ArViewer_iOS-Test.octest */ = {isa = PBXFileReference; explicitFileType = wrapper.cfbundle; includeInIndex = 0; path = "ArViewer_iOS-Test.octest"; sourceTree = BUILT_PRODUCTS_DIR; };
		61CB8C0C16E9E98B002002A9 /* SenTestingKit.framework */ = {isa = PBXFileReference; lastKnownFileType = wrapper.framework; name = SenTestingKit.framework; path = Library/Frameworks/SenTestingKit.framework; sourceTree = SDKROOT; };
		61CB8C1216E9E98B002002A9 /* ArViewer_iOS-Test-Info.plist */ = {isa = PBXFileReference; lastKnownFileType = text.plist.xml; path = "ArViewer_iOS-Test-Info.plist"; sourceTree = "<group>"; };
		61CB8C1416E9E98B002002A9 /* en */ = {isa = PBXFileReference; lastKnownFileType = text.plist.strings; name = en; path = en.lproj/InfoPlist.strings; sourceTree = "<group>"; };
		61CB8C1916E9E98B002002A9 /* ArViewer_iOS-Test-Prefix.pch */ = {isa = PBXFileReference; lastKnownFileType = sourcecode.c.h; path = "ArViewer_iOS-Test-Prefix.pch"; sourceTree = "<group>"; };
		61CB8C1F16E9EA4A002002A9 /* ArvosAugment_Test.m */ = {isa = PBXFileReference; fileEncoding = 4; lastKnownFileType = sourcecode.c.objc; path = ArvosAugment_Test.m; sourceTree = "<group>"; };
		61CB8C2116E9F905002002A9 /* ArvosRootViewController-iPhone.xib */ = {isa = PBXFileReference; fileEncoding = 4; lastKnownFileType = file.xib; path = "ArvosRootViewController-iPhone.xib"; sourceTree = "<group>"; };
		D002041F16FF876A007FEF2C /* ArvosRay.h */ = {isa = PBXFileReference; fileEncoding = 4; lastKnownFileType = sourcecode.c.h; path = ArvosRay.h; sourceTree = "<group>"; };
		D002042016FF876A007FEF2C /* ArvosRay.m */ = {isa = PBXFileReference; fileEncoding = 4; lastKnownFileType = sourcecode.c.objc; path = ArvosRay.m; sourceTree = "<group>"; };
		D002042216FF9F90007FEF2C /* ArvosTriangle.h */ = {isa = PBXFileReference; fileEncoding = 4; lastKnownFileType = sourcecode.c.h; path = ArvosTriangle.h; sourceTree = "<group>"; };
		D002042316FF9F90007FEF2C /* ArvosTriangle.m */ = {isa = PBXFileReference; fileEncoding = 4; lastKnownFileType = sourcecode.c.objc; path = ArvosTriangle.m; sourceTree = "<group>"; };
		D0251A1216E3BFDB00800246 /* ArvosCameraController.h */ = {isa = PBXFileReference; fileEncoding = 4; lastKnownFileType = sourcecode.c.h; path = ArvosCameraController.h; sourceTree = "<group>"; };
		D0251A1316E3BFDB00800246 /* ArvosCameraController.m */ = {isa = PBXFileReference; fileEncoding = 4; lastKnownFileType = sourcecode.c.objc; path = ArvosCameraController.m; sourceTree = "<group>"; };
		D0251A1516E3C24800800246 /* AVFoundation.framework */ = {isa = PBXFileReference; lastKnownFileType = wrapper.framework; name = AVFoundation.framework; path = System/Library/Frameworks/AVFoundation.framework; sourceTree = SDKROOT; };
		D0251A2216E3C59E00800246 /* vectorUtil.c */ = {isa = PBXFileReference; fileEncoding = 4; lastKnownFileType = sourcecode.c.c; path = vectorUtil.c; sourceTree = "<group>"; };
		D0251A2316E3C59E00800246 /* vectorUtil.h */ = {isa = PBXFileReference; fileEncoding = 4; lastKnownFileType = sourcecode.c.h; path = vectorUtil.h; sourceTree = "<group>"; };
		D0251A2616E3C59E00800246 /* matrixUtil.c */ = {isa = PBXFileReference; fileEncoding = 4; lastKnownFileType = sourcecode.c.c; path = matrixUtil.c; sourceTree = "<group>"; };
		D0251A2716E3C59E00800246 /* matrixUtil.h */ = {isa = PBXFileReference; fileEncoding = 4; lastKnownFileType = sourcecode.c.h; path = matrixUtil.h; sourceTree = "<group>"; };
		D0251A2816E3C59E00800246 /* imageUtil.m */ = {isa = PBXFileReference; fileEncoding = 4; lastKnownFileType = sourcecode.c.objc; path = imageUtil.m; sourceTree = "<group>"; };
		D0251A2916E3C59E00800246 /* imageUtil.h */ = {isa = PBXFileReference; fileEncoding = 4; lastKnownFileType = sourcecode.c.h; path = imageUtil.h; sourceTree = "<group>"; };
		D0251A2A16E3C59E00800246 /* glUtil.h */ = {isa = PBXFileReference; fileEncoding = 4; lastKnownFileType = sourcecode.c.h; path = glUtil.h; sourceTree = "<group>"; };
		D0251A3016E3C5D400800246 /* OpenGLES.framework */ = {isa = PBXFileReference; lastKnownFileType = wrapper.framework; name = OpenGLES.framework; path = System/Library/Frameworks/OpenGLES.framework; sourceTree = SDKROOT; };
		D0251A3216E3C61400800246 /* QuartzCore.framework */ = {isa = PBXFileReference; lastKnownFileType = wrapper.framework; name = QuartzCore.framework; path = System/Library/Frameworks/QuartzCore.framework; sourceTree = SDKROOT; };
		D0251A3916E3CE5600800246 /* reflect.vsh */ = {isa = PBXFileReference; fileEncoding = 4; lastKnownFileType = sourcecode.glsl; path = reflect.vsh; sourceTree = "<group>"; };
		D0251A3A16E3CE5600800246 /* reflect.fsh */ = {isa = PBXFileReference; fileEncoding = 4; lastKnownFileType = sourcecode.glsl; path = reflect.fsh; sourceTree = "<group>"; };
		D0251A3B16E3CE5600800246 /* character.vsh */ = {isa = PBXFileReference; fileEncoding = 4; lastKnownFileType = sourcecode.glsl; path = character.vsh; sourceTree = "<group>"; };
		D0251A3C16E3CE5600800246 /* character.fsh */ = {isa = PBXFileReference; fileEncoding = 4; lastKnownFileType = sourcecode.glsl; path = character.fsh; sourceTree = "<group>"; };
		D040EB5C16F4DFA5000DE34A /* ArvosGlView.h */ = {isa = PBXFileReference; fileEncoding = 4; lastKnownFileType = sourcecode.c.h; path = ArvosGlView.h; sourceTree = "<group>"; };
		D040EB5D16F4DFA5000DE34A /* ArvosGlView.m */ = {isa = PBXFileReference; fileEncoding = 4; lastKnownFileType = sourcecode.c.objc; path = ArvosGlView.m; sourceTree = "<group>"; };
		D0424C6216E40E8A005A7815 /* ArvosAugment.h */ = {isa = PBXFileReference; fileEncoding = 4; lastKnownFileType = sourcecode.c.h; name = ArvosAugment.h; path = Viewer/ArvosAugment.h; sourceTree = "<group>"; };
		D0424C6316E40E8A005A7815 /* ArvosAugment.m */ = {isa = PBXFileReference; fileEncoding = 4; lastKnownFileType = sourcecode.c.objc; name = ArvosAugment.m; path = Viewer/ArvosAugment.m; sourceTree = "<group>"; };
		D04567C316F90E26006F75ED /* ArvosSquare.h */ = {isa = PBXFileReference; fileEncoding = 4; lastKnownFileType = sourcecode.c.h; path = ArvosSquare.h; sourceTree = "<group>"; };
		D04567C416F90E26006F75ED /* ArvosSquare.m */ = {isa = PBXFileReference; fileEncoding = 4; lastKnownFileType = sourcecode.c.objc; path = ArvosSquare.m; sourceTree = "<group>"; };
		D04E7FA716F605F8000ECF75 /* ArvosObject.h */ = {isa = PBXFileReference; fileEncoding = 4; lastKnownFileType = sourcecode.c.h; path = ArvosObject.h; sourceTree = "<group>"; };
		D04E7FA816F605F8000ECF75 /* ArvosObject.m */ = {isa = PBXFileReference; fileEncoding = 4; lastKnownFileType = sourcecode.c.objc; path = ArvosObject.m; sourceTree = "<group>"; };
		D051C7AC16E91D6F0006B8AF /* CoreLocation.framework */ = {isa = PBXFileReference; lastKnownFileType = wrapper.framework; name = CoreLocation.framework; path = System/Library/Frameworks/CoreLocation.framework; sourceTree = SDKROOT; };
		D051C7AE16E932B10006B8AF /* Arvos.h */ = {isa = PBXFileReference; fileEncoding = 4; lastKnownFileType = sourcecode.c.h; path = Arvos.h; sourceTree = "<group>"; };
		D051C7AF16E932B10006B8AF /* Arvos.m */ = {isa = PBXFileReference; fileEncoding = 4; lastKnownFileType = sourcecode.c.objc; path = Arvos.m; sourceTree = "<group>"; };
		D056188E16F37DD000C701F3 /* ArvosPoi.h */ = {isa = PBXFileReference; fileEncoding = 4; lastKnownFileType = sourcecode.c.h; path = ArvosPoi.h; sourceTree = "<group>"; };
		D056188F16F37DD000C701F3 /* ArvosPoi.m */ = {isa = PBXFileReference; fileEncoding = 4; lastKnownFileType = sourcecode.c.objc; path = ArvosPoi.m; sourceTree = "<group>"; };
		D056189116F3802300C701F3 /* ArvosPoiObject.h */ = {isa = PBXFileReference; fileEncoding = 4; lastKnownFileType = sourcecode.c.h; path = ArvosPoiObject.h; sourceTree = "<group>"; };
		D056189216F3802300C701F3 /* ArvosPoiObject.m */ = {isa = PBXFileReference; fileEncoding = 4; lastKnownFileType = sourcecode.c.objc; path = ArvosPoiObject.m; sourceTree = "<group>"; };
		D0F50AFD16E362BB00B0E66A /* ArViewer_iOS.app */ = {isa = PBXFileReference; explicitFileType = wrapper.application; includeInIndex = 0; path = ArViewer_iOS.app; sourceTree = BUILT_PRODUCTS_DIR; };
		D0F50B0016E362BB00B0E66A /* UIKit.framework */ = {isa = PBXFileReference; lastKnownFileType = wrapper.framework; name = UIKit.framework; path = System/Library/Frameworks/UIKit.framework; sourceTree = SDKROOT; };
		D0F50B0216E362BB00B0E66A /* Foundation.framework */ = {isa = PBXFileReference; lastKnownFileType = wrapper.framework; name = Foundation.framework; path = System/Library/Frameworks/Foundation.framework; sourceTree = SDKROOT; };
		D0F50B0416E362BB00B0E66A /* CoreGraphics.framework */ = {isa = PBXFileReference; lastKnownFileType = wrapper.framework; name = CoreGraphics.framework; path = System/Library/Frameworks/CoreGraphics.framework; sourceTree = SDKROOT; };
		D0F50B0816E362BB00B0E66A /* ArViewer_iOS-Info.plist */ = {isa = PBXFileReference; lastKnownFileType = text.plist.xml; path = "ArViewer_iOS-Info.plist"; sourceTree = "<group>"; };
		D0F50B0A16E362BB00B0E66A /* en */ = {isa = PBXFileReference; lastKnownFileType = text.plist.strings; name = en; path = en.lproj/InfoPlist.strings; sourceTree = "<group>"; };
		D0F50B0C16E362BB00B0E66A /* main.m */ = {isa = PBXFileReference; lastKnownFileType = sourcecode.c.objc; path = main.m; sourceTree = "<group>"; };
		D0F50B0E16E362BB00B0E66A /* ArViewer_iOS-Prefix.pch */ = {isa = PBXFileReference; lastKnownFileType = sourcecode.c.h; path = "ArViewer_iOS-Prefix.pch"; sourceTree = "<group>"; };
		D0F50B0F16E362BB00B0E66A /* ArvosAppDelegate.h */ = {isa = PBXFileReference; lastKnownFileType = sourcecode.c.h; path = ArvosAppDelegate.h; sourceTree = "<group>"; };
		D0F50B1016E362BB00B0E66A /* ArvosAppDelegate.m */ = {isa = PBXFileReference; lastKnownFileType = sourcecode.c.objc; path = ArvosAppDelegate.m; sourceTree = "<group>"; };
		D0F50B1216E362BB00B0E66A /* Default.png */ = {isa = PBXFileReference; lastKnownFileType = image.png; path = Default.png; sourceTree = "<group>"; };
		D0F50B1416E362BB00B0E66A /* Default@2x.png */ = {isa = PBXFileReference; lastKnownFileType = image.png; path = "Default@2x.png"; sourceTree = "<group>"; };
		D0F50B1616E362BB00B0E66A /* Default-568h@2x.png */ = {isa = PBXFileReference; lastKnownFileType = image.png; path = "Default-568h@2x.png"; sourceTree = "<group>"; };
		D0F50B2116E366A200B0E66A /* ArvosRootViewController.h */ = {isa = PBXFileReference; fileEncoding = 4; lastKnownFileType = sourcecode.c.h; path = ArvosRootViewController.h; sourceTree = "<group>"; };
		D0F50B2216E366A200B0E66A /* ArvosRootViewController.m */ = {isa = PBXFileReference; fileEncoding = 4; lastKnownFileType = sourcecode.c.objc; path = ArvosRootViewController.m; sourceTree = "<group>"; };
		D0F50B2416E3760F00B0E66A /* ArvosViewerViewController.h */ = {isa = PBXFileReference; fileEncoding = 4; lastKnownFileType = sourcecode.c.h; path = ArvosViewerViewController.h; sourceTree = "<group>"; };
		D0F50B2516E3760F00B0E66A /* ArvosViewerViewController.m */ = {isa = PBXFileReference; fileEncoding = 4; lastKnownFileType = sourcecode.c.objc; path = ArvosViewerViewController.m; sourceTree = "<group>"; };
		D0F50B2716E37D2C00B0E66A /* arvos_logo_rgb.png */ = {isa = PBXFileReference; lastKnownFileType = image.png; path = arvos_logo_rgb.png; sourceTree = "<group>"; };
/* End PBXFileReference section */

/* Begin PBXFrameworksBuildPhase section */
		61CB8C0716E9E98B002002A9 /* Frameworks */ = {
			isa = PBXFrameworksBuildPhase;
			buildActionMask = 2147483647;
			files = (
				6128F1CF16FA72FE005857BB /* QuartzCore.framework in Frameworks */,
				6128F1CE16FA72EC005857BB /* CoreGraphics.framework in Frameworks */,
				6128F1CD16FA6FD7005857BB /* OpenGLES.framework in Frameworks */,
				61CB8C0D16E9E98B002002A9 /* SenTestingKit.framework in Frameworks */,
				61CB8C0E16E9E98B002002A9 /* UIKit.framework in Frameworks */,
				61CB8C0F16E9E98B002002A9 /* Foundation.framework in Frameworks */,
			);
			runOnlyForDeploymentPostprocessing = 0;
		};
		D0F50AFA16E362BB00B0E66A /* Frameworks */ = {
			isa = PBXFrameworksBuildPhase;
			buildActionMask = 2147483647;
			files = (
				D051C7AD16E91D6F0006B8AF /* CoreLocation.framework in Frameworks */,
				D0251A3316E3C61400800246 /* QuartzCore.framework in Frameworks */,
				D0251A3116E3C5D400800246 /* OpenGLES.framework in Frameworks */,
				D0251A1616E3C24800800246 /* AVFoundation.framework in Frameworks */,
				D0F50B0116E362BB00B0E66A /* UIKit.framework in Frameworks */,
				D0F50B0316E362BB00B0E66A /* Foundation.framework in Frameworks */,
				D0F50B0516E362BB00B0E66A /* CoreGraphics.framework in Frameworks */,
			);
			runOnlyForDeploymentPostprocessing = 0;
		};
/* End PBXFrameworksBuildPhase section */

/* Begin PBXGroup section */
		6112F4F716FCA87C00BD4989 /* Views */ = {
			isa = PBXGroup;
			children = (
				61BF6F6116FA2CA00009A538 /* ArvosRadarView.h */,
				61BF6F6216FA2CA00009A538 /* ArvosRadarView.m */,
				6112F4F816FCA90500BD4989 /* ArvosDebugView.h */,
				6112F4F916FCA90500BD4989 /* ArvosDebugView.m */,
			);
			name = Views;
			sourceTree = "<group>";
		};
		61CB8C0516E9E416002002A9 /* ViewControllers */ = {
			isa = PBXGroup;
			children = (
				D0F50B2116E366A200B0E66A /* ArvosRootViewController.h */,
				D0F50B2216E366A200B0E66A /* ArvosRootViewController.m */,
				61CB8C2116E9F905002002A9 /* ArvosRootViewController-iPhone.xib */,
				61BA040716FF062600B8C5ED /* ArvosViewerViewController-iPhone.xib */,
			);
			name = ViewControllers;
			sourceTree = "<group>";
		};
		61CB8C1016E9E98B002002A9 /* ArViewer_iOS-Test */ = {
			isa = PBXGroup;
			children = (
				61CB8C1116E9E98B002002A9 /* Supporting Files */,
				61CB8C1F16E9EA4A002002A9 /* ArvosAugment_Test.m */,
				6128F1CB16FA6ED0005857BB /* ArvosNSDictionary_VecParsing_Test.m */,
			);
			path = "ArViewer_iOS-Test";
			sourceTree = "<group>";
		};
		61CB8C1116E9E98B002002A9 /* Supporting Files */ = {
			isa = PBXGroup;
			children = (
				61CB8C1216E9E98B002002A9 /* ArViewer_iOS-Test-Info.plist */,
				61CB8C1316E9E98B002002A9 /* InfoPlist.strings */,
				61CB8C1916E9E98B002002A9 /* ArViewer_iOS-Test-Prefix.pch */,
			);
			name = "Supporting Files";
			sourceTree = "<group>";
		};
		D0251A3416E3CDA700800246 /* Resources */ = {
			isa = PBXGroup;
			children = (
				D0251A3916E3CE5600800246 /* reflect.vsh */,
				D0251A3A16E3CE5600800246 /* reflect.fsh */,
				D0251A3B16E3CE5600800246 /* character.vsh */,
				D0251A3C16E3CE5600800246 /* character.fsh */,
			);
			path = Resources;
			sourceTree = "<group>";
		};
		D040EB5B16F4DF11000DE34A /* OpenGl */ = {
			isa = PBXGroup;
			children = (
				D040EB5C16F4DFA5000DE34A /* ArvosGlView.h */,
				D040EB5D16F4DFA5000DE34A /* ArvosGlView.m */,
				D04E7FA716F605F8000ECF75 /* ArvosObject.h */,
				D04E7FA816F605F8000ECF75 /* ArvosObject.m */,
				D04567C316F90E26006F75ED /* ArvosSquare.h */,
				D04567C416F90E26006F75ED /* ArvosSquare.m */,
			);
			name = OpenGl;
			sourceTree = "<group>";
		};
		D0424C5E16E40D25005A7815 /* Viewer */ = {
			isa = PBXGroup;
			children = (
				D040EB5B16F4DF11000DE34A /* OpenGl */,
				D0251A1216E3BFDB00800246 /* ArvosCameraController.h */,
				D0251A1316E3BFDB00800246 /* ArvosCameraController.m */,
				D0F50B2416E3760F00B0E66A /* ArvosViewerViewController.h */,
				D0F50B2516E3760F00B0E66A /* ArvosViewerViewController.m */,
				D0424C6216E40E8A005A7815 /* ArvosAugment.h */,
				D0424C6316E40E8A005A7815 /* ArvosAugment.m */,
				D056188E16F37DD000C701F3 /* ArvosPoi.h */,
				D056188F16F37DD000C701F3 /* ArvosPoi.m */,
				D056189116F3802300C701F3 /* ArvosPoiObject.h */,
				D056189216F3802300C701F3 /* ArvosPoiObject.m */,
				6112F4F716FCA87C00BD4989 /* Views */,
			);
			name = Viewer;
			sourceTree = "<group>";
		};
		D04E7FAA16F675EE000ECF75 /* Util */ = {
			isa = PBXGroup;
			children = (
				D0251A2A16E3C59E00800246 /* glUtil.h */,
				D0251A2616E3C59E00800246 /* matrixUtil.c */,
				D0251A2716E3C59E00800246 /* matrixUtil.h */,
				D0251A2816E3C59E00800246 /* imageUtil.m */,
				D0251A2916E3C59E00800246 /* imageUtil.h */,
				D0251A2216E3C59E00800246 /* vectorUtil.c */,
				D0251A2316E3C59E00800246 /* vectorUtil.h */,
				D002041F16FF876A007FEF2C /* ArvosRay.h */,
				D002042016FF876A007FEF2C /* ArvosRay.m */,
				D002042216FF9F90007FEF2C /* ArvosTriangle.h */,
				D002042316FF9F90007FEF2C /* ArvosTriangle.m */,
			);
			name = Util;
			sourceTree = "<group>";
		};
		D0F50AF416E362BB00B0E66A = {
			isa = PBXGroup;
			children = (
				D0F50B0616E362BB00B0E66A /* ArViewer_iOS */,
				61CB8C1016E9E98B002002A9 /* ArViewer_iOS-Test */,
				D0F50AFF16E362BB00B0E66A /* Frameworks */,
				D0F50AFE16E362BB00B0E66A /* Products */,
			);
			sourceTree = "<group>";
		};
		D0F50AFE16E362BB00B0E66A /* Products */ = {
			isa = PBXGroup;
			children = (
				D0F50AFD16E362BB00B0E66A /* ArViewer_iOS.app */,
				61CB8C0B16E9E98B002002A9 /* ArViewer_iOS-Test.octest */,
			);
			name = Products;
			sourceTree = "<group>";
		};
		D0F50AFF16E362BB00B0E66A /* Frameworks */ = {
			isa = PBXGroup;
			children = (
				D051C7AC16E91D6F0006B8AF /* CoreLocation.framework */,
				D0251A3216E3C61400800246 /* QuartzCore.framework */,
				D0251A3016E3C5D400800246 /* OpenGLES.framework */,
				D0251A1516E3C24800800246 /* AVFoundation.framework */,
				D0F50B0016E362BB00B0E66A /* UIKit.framework */,
				D0F50B0216E362BB00B0E66A /* Foundation.framework */,
				D0F50B0416E362BB00B0E66A /* CoreGraphics.framework */,
				61CB8C0C16E9E98B002002A9 /* SenTestingKit.framework */,
			);
			name = Frameworks;
			sourceTree = "<group>";
		};
		D0F50B0616E362BB00B0E66A /* ArViewer_iOS */ = {
			isa = PBXGroup;
			children = (
				D0424C5E16E40D25005A7815 /* Viewer */,
				61CB8C0516E9E416002002A9 /* ViewControllers */,
				D051C7AE16E932B10006B8AF /* Arvos.h */,
				D051C7AF16E932B10006B8AF /* Arvos.m */,
				D0F50B0F16E362BB00B0E66A /* ArvosAppDelegate.h */,
				D0F50B1016E362BB00B0E66A /* ArvosAppDelegate.m */,
				6128F1C616FA6C3B005857BB /* NSDictionary+ArvosVecParsing.h */,
				6128F1C716FA6C3B005857BB /* NSDictionary+ArvosVecParsing.m */,
				D0251A3416E3CDA700800246 /* Resources */,
				D0F50B0716E362BB00B0E66A /* Supporting Files */,
				D04E7FAA16F675EE000ECF75 /* Util */,
			);
			path = ArViewer_iOS;
			sourceTree = "<group>";
		};
		D0F50B0716E362BB00B0E66A /* Supporting Files */ = {
			isa = PBXGroup;
			children = (
				D0F50B2716E37D2C00B0E66A /* arvos_logo_rgb.png */,
				D0F50B0816E362BB00B0E66A /* ArViewer_iOS-Info.plist */,
				D0F50B0916E362BB00B0E66A /* InfoPlist.strings */,
				D0F50B0C16E362BB00B0E66A /* main.m */,
				D0F50B0E16E362BB00B0E66A /* ArViewer_iOS-Prefix.pch */,
				D0F50B1216E362BB00B0E66A /* Default.png */,
				D0F50B1416E362BB00B0E66A /* Default@2x.png */,
				D0F50B1616E362BB00B0E66A /* Default-568h@2x.png */,
			);
			name = "Supporting Files";
			sourceTree = "<group>";
		};
/* End PBXGroup section */

/* Begin PBXLegacyTarget section */
		6128F1C216FA5367005857BB /* Documentation */ = {
			isa = PBXLegacyTarget;
			buildArgumentsString = "$(ACTION)";
			buildConfigurationList = 6128F1C316FA5367005857BB /* Build configuration list for PBXLegacyTarget "Documentation" */;
			buildPhases = (
			);
			buildToolPath = /usr/bin/make;
			dependencies = (
			);
			name = Documentation;
			passBuildSettingsInEnvironment = 1;
			productName = Documentation;
		};
/* End PBXLegacyTarget section */

/* Begin PBXNativeTarget section */
		61CB8C0A16E9E98B002002A9 /* ArViewer_iOS-Test */ = {
			isa = PBXNativeTarget;
			buildConfigurationList = 61CB8C1A16E9E98B002002A9 /* Build configuration list for PBXNativeTarget "ArViewer_iOS-Test" */;
			buildPhases = (
				61CB8C0616E9E98B002002A9 /* Sources */,
				61CB8C0716E9E98B002002A9 /* Frameworks */,
				61CB8C0816E9E98B002002A9 /* Resources */,
				61CB8C0916E9E98B002002A9 /* ShellScript */,
			);
			buildRules = (
			);
			dependencies = (
			);
			name = "ArViewer_iOS-Test";
			productName = "ArViewer_iOS-Test";
			productReference = 61CB8C0B16E9E98B002002A9 /* ArViewer_iOS-Test.octest */;
			productType = "com.apple.product-type.bundle";
		};
		D0F50AFC16E362BB00B0E66A /* ArViewer_iOS */ = {
			isa = PBXNativeTarget;
			buildConfigurationList = D0F50B1A16E362BB00B0E66A /* Build configuration list for PBXNativeTarget "ArViewer_iOS" */;
			buildPhases = (
				D0F50AF916E362BB00B0E66A /* Sources */,
				D0F50AFA16E362BB00B0E66A /* Frameworks */,
				D0F50AFB16E362BB00B0E66A /* Resources */,
			);
			buildRules = (
			);
			dependencies = (
			);
			name = ArViewer_iOS;
			productName = ArViewer_iOS;
			productReference = D0F50AFD16E362BB00B0E66A /* ArViewer_iOS.app */;
			productType = "com.apple.product-type.application";
		};
/* End PBXNativeTarget section */

/* Begin PBXProject section */
		D0F50AF516E362BB00B0E66A /* Project object */ = {
			isa = PBXProject;
			attributes = {
				CLASSPREFIX = Arvos;
				LastUpgradeCheck = 0460;
				ORGANIZATIONNAME = "Peter Graf";
			};
			buildConfigurationList = D0F50AF816E362BB00B0E66A /* Build configuration list for PBXProject "ArViewer_iOS" */;
			compatibilityVersion = "Xcode 3.2";
			developmentRegion = English;
			hasScannedForEncodings = 0;
			knownRegions = (
				en,
			);
			mainGroup = D0F50AF416E362BB00B0E66A;
			productRefGroup = D0F50AFE16E362BB00B0E66A /* Products */;
			projectDirPath = "";
			projectRoot = "";
			targets = (
				D0F50AFC16E362BB00B0E66A /* ArViewer_iOS */,
				61CB8C0A16E9E98B002002A9 /* ArViewer_iOS-Test */,
				6128F1C216FA5367005857BB /* Documentation */,
			);
		};
/* End PBXProject section */

/* Begin PBXResourcesBuildPhase section */
		61CB8C0816E9E98B002002A9 /* Resources */ = {
			isa = PBXResourcesBuildPhase;
			buildActionMask = 2147483647;
			files = (
				61CB8C1516E9E98B002002A9 /* InfoPlist.strings in Resources */,
				61CB8C2316E9F905002002A9 /* ArvosRootViewController-iPhone.xib in Resources */,
				61BA040916FF062600B8C5ED /* ArvosViewerViewController-iPhone.xib in Resources */,
			);
			runOnlyForDeploymentPostprocessing = 0;
		};
		D0F50AFB16E362BB00B0E66A /* Resources */ = {
			isa = PBXResourcesBuildPhase;
			buildActionMask = 2147483647;
			files = (
				D0251A4116E3CE8300800246 /* reflect.vsh in Resources */,
				D0251A4216E3CE8300800246 /* reflect.fsh in Resources */,
				D0251A4316E3CE8300800246 /* character.vsh in Resources */,
				D0251A4416E3CE8300800246 /* character.fsh in Resources */,
				D0F50B0B16E362BB00B0E66A /* InfoPlist.strings in Resources */,
				D0F50B1316E362BB00B0E66A /* Default.png in Resources */,
				D0F50B1516E362BB00B0E66A /* Default@2x.png in Resources */,
				D0F50B1716E362BB00B0E66A /* Default-568h@2x.png in Resources */,
				D0F50B2816E37D2C00B0E66A /* arvos_logo_rgb.png in Resources */,
				61CB8C2216E9F905002002A9 /* ArvosRootViewController-iPhone.xib in Resources */,
				61BA040816FF062600B8C5ED /* ArvosViewerViewController-iPhone.xib in Resources */,
			);
			runOnlyForDeploymentPostprocessing = 0;
		};
/* End PBXResourcesBuildPhase section */

/* Begin PBXShellScriptBuildPhase section */
		61CB8C0916E9E98B002002A9 /* ShellScript */ = {
			isa = PBXShellScriptBuildPhase;
			buildActionMask = 2147483647;
			files = (
			);
			inputPaths = (
			);
			outputPaths = (
			);
			runOnlyForDeploymentPostprocessing = 0;
			shellPath = /bin/sh;
			shellScript = "# Run the unit tests in this test bundle.\n\"${SYSTEM_DEVELOPER_DIR}/Tools/RunUnitTests\"\n";
		};
/* End PBXShellScriptBuildPhase section */

/* Begin PBXSourcesBuildPhase section */
		61CB8C0616E9E98B002002A9 /* Sources */ = {
			isa = PBXSourcesBuildPhase;
			buildActionMask = 2147483647;
			files = (
				61CB8C1D16E9EA31002002A9 /* ArvosAugment.m in Sources */,
				61CB8C2016E9EA4A002002A9 /* ArvosAugment_Test.m in Sources */,
				61BF6F6416FA2CA00009A538 /* ArvosRadarView.m in Sources */,
				6128F1C916FA6C3B005857BB /* NSDictionary+ArvosVecParsing.m in Sources */,
				6128F1CC16FA6ED0005857BB /* ArvosNSDictionary_VecParsing_Test.m in Sources */,
				6128F1D016FA732A005857BB /* ArvosPoi.m in Sources */,
				6128F1D116FA7339005857BB /* ArvosPoiObject.m in Sources */,
				6128F1D216FA737B005857BB /* ArvosObject.m in Sources */,
				6128F1D316FA7383005857BB /* ArvosSquare.m in Sources */,
				6112F4FB16FCA90500BD4989 /* ArvosDebugView.m in Sources */,
			);
			runOnlyForDeploymentPostprocessing = 0;
		};
		D0F50AF916E362BB00B0E66A /* Sources */ = {
			isa = PBXSourcesBuildPhase;
			buildActionMask = 2147483647;
			files = (
				D0F50B0D16E362BB00B0E66A /* main.m in Sources */,
				D0F50B1116E362BB00B0E66A /* ArvosAppDelegate.m in Sources */,
				D0F50B2316E366A200B0E66A /* ArvosRootViewController.m in Sources */,
				D0F50B2616E3760F00B0E66A /* ArvosViewerViewController.m in Sources */,
				D0251A1416E3BFDB00800246 /* ArvosCameraController.m in Sources */,
				D0251A2C16E3C59F00800246 /* vectorUtil.c in Sources */,
				D0251A2E16E3C59F00800246 /* matrixUtil.c in Sources */,
				D0251A2F16E3C59F00800246 /* imageUtil.m in Sources */,
				D0251A3D16E3CE5600800246 /* reflect.vsh in Sources */,
				D0251A3E16E3CE5600800246 /* reflect.fsh in Sources */,
				D0251A3F16E3CE5600800246 /* character.vsh in Sources */,
				D0251A4016E3CE5600800246 /* character.fsh in Sources */,
				D0424C6416E40E8A005A7815 /* ArvosAugment.m in Sources */,
				D051C7B016E932B10006B8AF /* Arvos.m in Sources */,
				D056189016F37DD000C701F3 /* ArvosPoi.m in Sources */,
				D056189316F3802300C701F3 /* ArvosPoiObject.m in Sources */,
				D040EB5E16F4DFA5000DE34A /* ArvosGlView.m in Sources */,
				D04E7FA916F605F9000ECF75 /* ArvosObject.m in Sources */,
				D04567C516F90E26006F75ED /* ArvosSquare.m in Sources */,
				61BF6F6316FA2CA00009A538 /* ArvosRadarView.m in Sources */,
				6128F1C816FA6C3B005857BB /* NSDictionary+ArvosVecParsing.m in Sources */,
				6112F4FA16FCA90500BD4989 /* ArvosDebugView.m in Sources */,
				D002042116FF876A007FEF2C /* ArvosRay.m in Sources */,
				D002042416FF9F90007FEF2C /* ArvosTriangle.m in Sources */,
			);
			runOnlyForDeploymentPostprocessing = 0;
		};
/* End PBXSourcesBuildPhase section */

/* Begin PBXVariantGroup section */
		61CB8C1316E9E98B002002A9 /* InfoPlist.strings */ = {
			isa = PBXVariantGroup;
			children = (
				61CB8C1416E9E98B002002A9 /* en */,
			);
			name = InfoPlist.strings;
			sourceTree = "<group>";
		};
		D0F50B0916E362BB00B0E66A /* InfoPlist.strings */ = {
			isa = PBXVariantGroup;
			children = (
				D0F50B0A16E362BB00B0E66A /* en */,
			);
			name = InfoPlist.strings;
			sourceTree = "<group>";
		};
/* End PBXVariantGroup section */

/* Begin XCBuildConfiguration section */
		6128F1C416FA5367005857BB /* Debug */ = {
			isa = XCBuildConfiguration;
			buildSettings = {
				ARCHS = "$(ARCHS_STANDARD_64_BIT)";
				DEBUGGING_SYMBOLS = YES;
				GCC_ENABLE_OBJC_EXCEPTIONS = YES;
				GCC_GENERATE_DEBUGGING_SYMBOLS = YES;
				GCC_OPTIMIZATION_LEVEL = 0;
				GCC_WARN_64_TO_32_BIT_CONVERSION = YES;
				MACOSX_DEPLOYMENT_TARGET = 10.8;
				OTHER_CFLAGS = "";
				OTHER_LDFLAGS = "";
				PRODUCT_NAME = "$(TARGET_NAME)";
				SDKROOT = macosx;
			};
			name = Debug;
		};
		6128F1C516FA5367005857BB /* Release */ = {
			isa = XCBuildConfiguration;
			buildSettings = {
				ARCHS = "$(ARCHS_STANDARD_64_BIT)";
				DEBUG_INFORMATION_FORMAT = "dwarf-with-dsym";
				GCC_ENABLE_OBJC_EXCEPTIONS = YES;
				GCC_WARN_64_TO_32_BIT_CONVERSION = YES;
				MACOSX_DEPLOYMENT_TARGET = 10.8;
				OTHER_CFLAGS = "";
				OTHER_LDFLAGS = "";
				PRODUCT_NAME = "$(TARGET_NAME)";
				SDKROOT = macosx;
			};
			name = Release;
		};
		61CB8C1B16E9E98B002002A9 /* Debug */ = {
			isa = XCBuildConfiguration;
			buildSettings = {
				FRAMEWORK_SEARCH_PATHS = (
					"\"$(SDKROOT)/Developer/Library/Frameworks\"",
					"\"$(DEVELOPER_LIBRARY_DIR)/Frameworks\"",
				);
				GCC_PRECOMPILE_PREFIX_HEADER = YES;
				GCC_PREFIX_HEADER = "ArViewer_iOS/ArViewer_iOS-Prefix.pch";
				INFOPLIST_FILE = "ArViewer_iOS-Test/ArViewer_iOS-Test-Info.plist";
				PRODUCT_NAME = "$(TARGET_NAME)";
				WRAPPER_EXTENSION = octest;
			};
			name = Debug;
		};
		61CB8C1C16E9E98B002002A9 /* Release */ = {
			isa = XCBuildConfiguration;
			buildSettings = {
				FRAMEWORK_SEARCH_PATHS = (
					"\"$(SDKROOT)/Developer/Library/Frameworks\"",
					"\"$(DEVELOPER_LIBRARY_DIR)/Frameworks\"",
				);
				GCC_PRECOMPILE_PREFIX_HEADER = YES;
				GCC_PREFIX_HEADER = "ArViewer_iOS/ArViewer_iOS-Prefix.pch";
				INFOPLIST_FILE = "ArViewer_iOS-Test/ArViewer_iOS-Test-Info.plist";
				PRODUCT_NAME = "$(TARGET_NAME)";
				WRAPPER_EXTENSION = octest;
			};
			name = Release;
		};
		D0F50B1816E362BB00B0E66A /* Debug */ = {
			isa = XCBuildConfiguration;
			buildSettings = {
				ALWAYS_SEARCH_USER_PATHS = NO;
				CLANG_CXX_LANGUAGE_STANDARD = "gnu++0x";
				CLANG_CXX_LIBRARY = "libc++";
				CLANG_ENABLE_OBJC_ARC = YES;
				CLANG_WARN_CONSTANT_CONVERSION = YES;
				CLANG_WARN_EMPTY_BODY = YES;
				CLANG_WARN_ENUM_CONVERSION = YES;
				CLANG_WARN_INT_CONVERSION = YES;
				CLANG_WARN__DUPLICATE_METHOD_MATCH = YES;
				"CODE_SIGN_IDENTITY[sdk=iphoneos*]" = "iPhone Developer";
				COPY_PHASE_STRIP = NO;
				GCC_C_LANGUAGE_STANDARD = gnu99;
				GCC_DYNAMIC_NO_PIC = NO;
				GCC_OPTIMIZATION_LEVEL = 0;
				GCC_PREPROCESSOR_DEFINITIONS = (
					"DEBUG=1",
					"$(inherited)",
				);
				GCC_SYMBOLS_PRIVATE_EXTERN = NO;
				GCC_WARN_ABOUT_RETURN_TYPE = YES;
				GCC_WARN_UNINITIALIZED_AUTOS = YES;
				GCC_WARN_UNUSED_VARIABLE = YES;
				IPHONEOS_DEPLOYMENT_TARGET = 5.0;
				ONLY_ACTIVE_ARCH = YES;
				SDKROOT = iphoneos;
				TARGETED_DEVICE_FAMILY = "1,2";
			};
			name = Debug;
		};
		D0F50B1916E362BB00B0E66A /* Release */ = {
			isa = XCBuildConfiguration;
			buildSettings = {
				ALWAYS_SEARCH_USER_PATHS = NO;
				CLANG_CXX_LANGUAGE_STANDARD = "gnu++0x";
				CLANG_CXX_LIBRARY = "libc++";
				CLANG_ENABLE_OBJC_ARC = YES;
				CLANG_WARN_CONSTANT_CONVERSION = YES;
				CLANG_WARN_EMPTY_BODY = YES;
				CLANG_WARN_ENUM_CONVERSION = YES;
				CLANG_WARN_INT_CONVERSION = YES;
				CLANG_WARN__DUPLICATE_METHOD_MATCH = YES;
				"CODE_SIGN_IDENTITY[sdk=iphoneos*]" = "iPhone Developer";
				COPY_PHASE_STRIP = YES;
				GCC_C_LANGUAGE_STANDARD = gnu99;
				GCC_WARN_ABOUT_RETURN_TYPE = YES;
				GCC_WARN_UNINITIALIZED_AUTOS = YES;
				GCC_WARN_UNUSED_VARIABLE = YES;
				IPHONEOS_DEPLOYMENT_TARGET = 5.0;
				OTHER_CFLAGS = "-DNS_BLOCK_ASSERTIONS=1";
				SDKROOT = iphoneos;
				TARGETED_DEVICE_FAMILY = "1,2";
				VALIDATE_PRODUCT = YES;
			};
			name = Release;
		};
		D0F50B1B16E362BB00B0E66A /* Debug */ = {
			isa = XCBuildConfiguration;
			buildSettings = {
				CLANG_ENABLE_OBJC_ARC = YES;
				GCC_PRECOMPILE_PREFIX_HEADER = YES;
				GCC_PREFIX_HEADER = "ArViewer_iOS/ArViewer_iOS-Prefix.pch";
				INFOPLIST_FILE = "ArViewer_iOS/ArViewer_iOS-Info.plist";
				IPHONEOS_DEPLOYMENT_TARGET = 5.0;
				PRODUCT_NAME = "$(TARGET_NAME)";
				WRAPPER_EXTENSION = app;
			};
			name = Debug;
		};
		D0F50B1C16E362BB00B0E66A /* Release */ = {
			isa = XCBuildConfiguration;
			buildSettings = {
				CLANG_ENABLE_OBJC_ARC = YES;
				GCC_PRECOMPILE_PREFIX_HEADER = YES;
				GCC_PREFIX_HEADER = "ArViewer_iOS/ArViewer_iOS-Prefix.pch";
				INFOPLIST_FILE = "ArViewer_iOS/ArViewer_iOS-Info.plist";
				IPHONEOS_DEPLOYMENT_TARGET = 5.0;
				PRODUCT_NAME = "$(TARGET_NAME)";
				WRAPPER_EXTENSION = app;
			};
			name = Release;
		};
/* End XCBuildConfiguration section */

/* Begin XCConfigurationList section */
		6128F1C316FA5367005857BB /* Build configuration list for PBXLegacyTarget "Documentation" */ = {
			isa = XCConfigurationList;
			buildConfigurations = (
				6128F1C416FA5367005857BB /* Debug */,
				6128F1C516FA5367005857BB /* Release */,
			);
			defaultConfigurationIsVisible = 0;
			defaultConfigurationName = Release;
		};
		61CB8C1A16E9E98B002002A9 /* Build configuration list for PBXNativeTarget "ArViewer_iOS-Test" */ = {
			isa = XCConfigurationList;
			buildConfigurations = (
				61CB8C1B16E9E98B002002A9 /* Debug */,
				61CB8C1C16E9E98B002002A9 /* Release */,
			);
			defaultConfigurationIsVisible = 0;
			defaultConfigurationName = Release;
		};
		D0F50AF816E362BB00B0E66A /* Build configuration list for PBXProject "ArViewer_iOS" */ = {
			isa = XCConfigurationList;
			buildConfigurations = (
				D0F50B1816E362BB00B0E66A /* Debug */,
				D0F50B1916E362BB00B0E66A /* Release */,
			);
			defaultConfigurationIsVisible = 0;
			defaultConfigurationName = Release;
		};
		D0F50B1A16E362BB00B0E66A /* Build configuration list for PBXNativeTarget "ArViewer_iOS" */ = {
			isa = XCConfigurationList;
			buildConfigurations = (
				D0F50B1B16E362BB00B0E66A /* Debug */,
				D0F50B1C16E362BB00B0E66A /* Release */,
			);
			defaultConfigurationIsVisible = 0;
			defaultConfigurationName = Release;
		};
/* End XCConfigurationList section */
	};
	rootObject = D0F50AF516E362BB00B0E66A /* Project object */;
}
